
Microsoft Visual Studio Solution File, Format Version 12.00
# Visual Studio Version 16
VisualStudioVersion = 25.0.1704.4
MinimumVisualStudioVersion = 10.0.40219.1
Project("{FAE04EC0-301F-11D3-BF4B-00C04F79EFBC}") = "IterationStatements", "IterationStatements.csproj", "{2ADAF238-29AF-4D41-BA30-FC3B98C34C5D}"
EndProject
Global
	GlobalSection(SolutionConfigurationPlatforms) = preSolution
		Debug|Any CPU = Debug|Any CPU
		Release|Any CPU = Release|Any CPU
	EndGlobalSection
	GlobalSection(ProjectConfigurationPlatforms) = postSolution
		{2ADAF238-29AF-4D41-BA30-FC3B98C34C5D}.Debug|Any CPU.ActiveCfg = Debug|Any CPU
		{2ADAF238-29AF-4D41-BA30-FC3B98C34C5D}.Debug|Any CPU.Build.0 = Debug|Any CPU
		{2ADAF238-29AF-4D41-BA30-FC3B98C34C5D}.Release|Any CPU.ActiveCfg = Release|Any CPU
		{2ADAF238-29AF-4D41-BA30-FC3B98C34C5D}.Release|Any CPU.Build.0 = Release|Any CPU
	EndGlobalSection
	GlobalSection(SolutionProperties) = preSolution
		HideSolutionNode = FALSE
	EndGlobalSection
	GlobalSection(ExtensibilityGlobals) = postSolution
		SolutionGuid = {30357CFB-C0DD-404F-8B48-DA780A636F75}
	EndGlobalSection
EndGlobal
